
Microsoft Visual Studio Solution File, Format Version 12.00
# Visual Studio Version 17
VisualStudioVersion = 17.13.35919.96
MinimumVisualStudioVersion = 10.0.40219.1
Project("{FAE04EC0-301F-11D3-BF4B-00C04F79EFBC}") = "ManagerEventSystem", "ManagerEventSystem\ManagerEventSystem.csproj", "{1EA1ABA5-BD61-4168-AF96-05EEFF31C962}"
EndProject
Project("{FAE04EC0-301F-11D3-BF4B-00C04F79EFBC}") = "EventSystemManager.Data", "EventSystemManager.Data\EventSystemManager.Data.csproj", "{71195E5E-2C21-4CD2-BDF0-1350B486826B}"
EndProject
Project("{FAE04EC0-301F-11D3-BF4B-00C04F79EFBC}") = "EventSystemManager.Services", "EventSystemManager.Services\EventSystemManager.Services.csproj", "{0CC3DB4A-265B-4E7A-97DB-658CE31FEFF8}"
EndProject
Global
	GlobalSection(SolutionConfigurationPlatforms) = preSolution
		Debug|Any CPU = Debug|Any CPU
		Release|Any CPU = Release|Any CPU
	EndGlobalSection
	GlobalSection(ProjectConfigurationPlatforms) = postSolution
		{1EA1ABA5-BD61-4168-AF96-05EEFF31C962}.Debug|Any CPU.ActiveCfg = Debug|Any CPU
		{1EA1ABA5-BD61-4168-AF96-05EEFF31C962}.Debug|Any CPU.Build.0 = Debug|Any CPU
		{1EA1ABA5-BD61-4168-AF96-05EEFF31C962}.Release|Any CPU.ActiveCfg = Release|Any CPU
		{1EA1ABA5-BD61-4168-AF96-05EEFF31C962}.Release|Any CPU.Build.0 = Release|Any CPU
		{71195E5E-2C21-4CD2-BDF0-1350B486826B}.Debug|Any CPU.ActiveCfg = Debug|Any CPU
		{71195E5E-2C21-4CD2-BDF0-1350B486826B}.Debug|Any CPU.Build.0 = Debug|Any CPU
		{71195E5E-2C21-4CD2-BDF0-1350B486826B}.Release|Any CPU.ActiveCfg = Release|Any CPU
		{71195E5E-2C21-4CD2-BDF0-1350B486826B}.Release|Any CPU.Build.0 = Release|Any CPU
		{0CC3DB4A-265B-4E7A-97DB-658CE31FEFF8}.Debug|Any CPU.ActiveCfg = Debug|Any CPU
		{0CC3DB4A-265B-4E7A-97DB-658CE31FEFF8}.Debug|Any CPU.Build.0 = Debug|Any CPU
		{0CC3DB4A-265B-4E7A-97DB-658CE31FEFF8}.Release|Any CPU.ActiveCfg = Release|Any CPU
		{0CC3DB4A-265B-4E7A-97DB-658CE31FEFF8}.Release|Any CPU.Build.0 = Release|Any CPU
	EndGlobalSection
	GlobalSection(SolutionProperties) = preSolution
		HideSolutionNode = FALSE
	EndGlobalSection
	GlobalSection(ExtensibilityGlobals) = postSolution
		SolutionGuid = {CE99859C-56A1-488E-A303-B701443E32C1}
	EndGlobalSection
EndGlobal
