
Microsoft Visual Studio Solution File, Format Version 12.00
# Visual Studio Version 17
VisualStudioVersion = 17.13.35919.96 d17.13
MinimumVisualStudioVersion = 10.0.40219.1
Project("{FAE04EC0-301F-11D3-BF4B-00C04F79EFBC}") = "ConsoleApp9", "ConsoleApp9\ConsoleApp9.csproj", "{E5D71162-4A3E-435A-B6FC-3971F37BC1D5}"
EndProject
Global
	GlobalSection(SolutionConfigurationPlatforms) = preSolution
		Debug|Any CPU = Debug|Any CPU
		Release|Any CPU = Release|Any CPU
	EndGlobalSection
	GlobalSection(ProjectConfigurationPlatforms) = postSolution
		{E5D71162-4A3E-435A-B6FC-3971F37BC1D5}.Debug|Any CPU.ActiveCfg = Debug|Any CPU
		{E5D71162-4A3E-435A-B6FC-3971F37BC1D5}.Debug|Any CPU.Build.0 = Debug|Any CPU
		{E5D71162-4A3E-435A-B6FC-3971F37BC1D5}.Release|Any CPU.ActiveCfg = Release|Any CPU
		{E5D71162-4A3E-435A-B6FC-3971F37BC1D5}.Release|Any CPU.Build.0 = Release|Any CPU
	EndGlobalSection
	GlobalSection(SolutionProperties) = preSolution
		HideSolutionNode = FALSE
	EndGlobalSection
	GlobalSection(ExtensibilityGlobals) = postSolution
		SolutionGuid = {991AE3D0-0753-4572-AECD-1B3719330E2E}
	EndGlobalSection
EndGlobal
