
Microsoft Visual Studio Solution File, Format Version 12.00
# Visual Studio Version 17
VisualStudioVersion = 17.13.35919.96 d17.13
MinimumVisualStudioVersion = 10.0.40219.1
Project("{FAE04EC0-301F-11D3-BF4B-00C04F79EFBC}") = "ClassTraining", "ClassTraining\ClassTraining.csproj", "{DD42F2F2-8161-4182-B6A4-70359BC5E78A}"
EndProject
Global
	GlobalSection(SolutionConfigurationPlatforms) = preSolution
		Debug|Any CPU = Debug|Any CPU
		Release|Any CPU = Release|Any CPU
	EndGlobalSection
	GlobalSection(ProjectConfigurationPlatforms) = postSolution
		{DD42F2F2-8161-4182-B6A4-70359BC5E78A}.Debug|Any CPU.ActiveCfg = Debug|Any CPU
		{DD42F2F2-8161-4182-B6A4-70359BC5E78A}.Debug|Any CPU.Build.0 = Debug|Any CPU
		{DD42F2F2-8161-4182-B6A4-70359BC5E78A}.Release|Any CPU.ActiveCfg = Release|Any CPU
		{DD42F2F2-8161-4182-B6A4-70359BC5E78A}.Release|Any CPU.Build.0 = Release|Any CPU
	EndGlobalSection
	GlobalSection(SolutionProperties) = preSolution
		HideSolutionNode = FALSE
	EndGlobalSection
	GlobalSection(ExtensibilityGlobals) = postSolution
		SolutionGuid = {BABE08B0-9EC7-4DEC-8103-4F441DEC46AA}
	EndGlobalSection
EndGlobal
