
Microsoft Visual Studio Solution File, Format Version 12.00
# Visual Studio Version 17
VisualStudioVersion = 17.13.35919.96 d17.13
MinimumVisualStudioVersion = 10.0.40219.1
Project("{FAE04EC0-301F-11D3-BF4B-00C04F79EFBC}") = "HatShop", "HatShop\HatShop.csproj", "{89288897-C685-4539-850B-E58D5BE02495}"
EndProject
Global
	GlobalSection(SolutionConfigurationPlatforms) = preSolution
		Debug|Any CPU = Debug|Any CPU
		Release|Any CPU = Release|Any CPU
	EndGlobalSection
	GlobalSection(ProjectConfigurationPlatforms) = postSolution
		{89288897-C685-4539-850B-E58D5BE02495}.Debug|Any CPU.ActiveCfg = Debug|Any CPU
		{89288897-C685-4539-850B-E58D5BE02495}.Debug|Any CPU.Build.0 = Debug|Any CPU
		{89288897-C685-4539-850B-E58D5BE02495}.Release|Any CPU.ActiveCfg = Release|Any CPU
		{89288897-C685-4539-850B-E58D5BE02495}.Release|Any CPU.Build.0 = Release|Any CPU
	EndGlobalSection
	GlobalSection(SolutionProperties) = preSolution
		HideSolutionNode = FALSE
	EndGlobalSection
	GlobalSection(ExtensibilityGlobals) = postSolution
		SolutionGuid = {2511A825-1D98-457A-AE42-0A1413746ECE}
	EndGlobalSection
EndGlobal
